
Microsoft Visual Studio Solution File, Format Version 12.00
# Visual Studio Version 17
VisualStudioVersion = 17.7.34024.191
MinimumVisualStudioVersion = 10.0.40219.1
Project("{9A19103F-16F7-4668-BE54-9A1E7A4F7556}") = "CalculatorApp", "CalculatorApp\CalculatorApp.csproj", "{CD145884-841D-460A-A78D-CBA3DE5943EE}"
EndProject
Project("{FAE04EC0-301F-11D3-BF4B-00C04F79EFBC}") = "CalculatorApp.Tests", "CalculatorApp.Tests\CalculatorApp.Tests.csproj", "{319C1151-EEF6-40E5-9783-7D4AF245811B}"
EndProject
Global
	GlobalSection(SolutionConfigurationPlatforms) = preSolution
		Debug|Any CPU = Debug|Any CPU
		Release|Any CPU = Release|Any CPU
	EndGlobalSection
	GlobalSection(ProjectConfigurationPlatforms) = postSolution
		{CD145884-841D-460A-A78D-CBA3DE5943EE}.Debug|Any CPU.ActiveCfg = Debug|Any CPU
		{CD145884-841D-460A-A78D-CBA3DE5943EE}.Debug|Any CPU.Build.0 = Debug|Any CPU
		{CD145884-841D-460A-A78D-CBA3DE5943EE}.Release|Any CPU.ActiveCfg = Release|Any CPU
		{CD145884-841D-460A-A78D-CBA3DE5943EE}.Release|Any CPU.Build.0 = Release|Any CPU
		{319C1151-EEF6-40E5-9783-7D4AF245811B}.Debug|Any CPU.ActiveCfg = Debug|Any CPU
		{319C1151-EEF6-40E5-9783-7D4AF245811B}.Debug|Any CPU.Build.0 = Debug|Any CPU
		{319C1151-EEF6-40E5-9783-7D4AF245811B}.Release|Any CPU.ActiveCfg = Release|Any CPU
		{319C1151-EEF6-40E5-9783-7D4AF245811B}.Release|Any CPU.Build.0 = Release|Any CPU
	EndGlobalSection
	GlobalSection(SolutionProperties) = preSolution
		HideSolutionNode = FALSE
	EndGlobalSection
	GlobalSection(ExtensibilityGlobals) = postSolution
		SolutionGuid = {A3B15DDA-EFA8-459B-A019-95D4F0F0DD51}
	EndGlobalSection
EndGlobal
